
Microsoft Visual Studio Solution File, Format Version 12.00
# Visual Studio 2013
VisualStudioVersion = 12.0.40629.0
MinimumVisualStudioVersion = 10.0.40219.1
Project("{8BC9CEB8-8B4A-11D0-8D11-00A0C91BC942}") = "1.Points", "1.Points\1.Points.vcxproj", "{24699A82-50D1-43FB-800E-4F036048DCCA}"
EndProject
Project("{8BC9CEB8-8B4A-11D0-8D11-00A0C91BC942}") = "2.WordGame", "WordGame\WordGame.vcxproj", "{B3A94AB9-11D2-4150-A415-EEC833ABFC8D}"
EndProject
Project("{8BC9CEB8-8B4A-11D0-8D11-00A0C91BC942}") = "3.DepedenciesResolving", "DepedenciesResolving\DepedenciesResolving.vcxproj", "{57338025-2BE9-438A-8D70-0E700C0EFA2D}"
EndProject
Global
	GlobalSection(SolutionConfigurationPlatforms) = preSolution
		Debug|Win32 = Debug|Win32
		Release|Win32 = Release|Win32
	EndGlobalSection
	GlobalSection(ProjectConfigurationPlatforms) = postSolution
		{24699A82-50D1-43FB-800E-4F036048DCCA}.Debug|Win32.ActiveCfg = Debug|Win32
		{24699A82-50D1-43FB-800E-4F036048DCCA}.Debug|Win32.Build.0 = Debug|Win32
		{24699A82-50D1-43FB-800E-4F036048DCCA}.Release|Win32.ActiveCfg = Release|Win32
		{24699A82-50D1-43FB-800E-4F036048DCCA}.Release|Win32.Build.0 = Release|Win32
		{B3A94AB9-11D2-4150-A415-EEC833ABFC8D}.Debug|Win32.ActiveCfg = Debug|Win32
		{B3A94AB9-11D2-4150-A415-EEC833ABFC8D}.Debug|Win32.Build.0 = Debug|Win32
		{B3A94AB9-11D2-4150-A415-EEC833ABFC8D}.Release|Win32.ActiveCfg = Release|Win32
		{B3A94AB9-11D2-4150-A415-EEC833ABFC8D}.Release|Win32.Build.0 = Release|Win32
		{57338025-2BE9-438A-8D70-0E700C0EFA2D}.Debug|Win32.ActiveCfg = Debug|Win32
		{57338025-2BE9-438A-8D70-0E700C0EFA2D}.Debug|Win32.Build.0 = Debug|Win32
		{57338025-2BE9-438A-8D70-0E700C0EFA2D}.Release|Win32.ActiveCfg = Release|Win32
		{57338025-2BE9-438A-8D70-0E700C0EFA2D}.Release|Win32.Build.0 = Release|Win32
	EndGlobalSection
	GlobalSection(SolutionProperties) = preSolution
		HideSolutionNode = FALSE
	EndGlobalSection
EndGlobal
